# THIS IS AN AUTOGENERATED FILE. DO NOT EDIT THIS FILE DIRECTLY.
# yarn lockfile v1


bootstrap@^4.5.0:
  version "4.5.0"
  resolved "https://registry.yarnpkg.com/bootstrap/-/bootstrap-4.5.0.tgz#97d9dbcb5a8972f8722c9962483543b907d9b9ec"
  integrity sha512-Z93QoXvodoVslA+PWNdk23Hze4RBYIkpb5h8I2HY2Tu2h7A0LpAgLcyrhrSUyo2/Oxm2l1fRZPs1e5hnxnliXA==

ncp@^2.0.0:
  version "2.0.0"
  resolved "https://registry.yarnpkg.com/ncp/-/ncp-2.0.0.tgz#195a21d6c46e361d2fb1281ba38b91e9df7bdbb3"
  integrity sha1-GVoh1sRuNh0vsSgbo4uR6d9727M=

sass-migrator@^1.2.2:
  version "1.2.2"
  resolved "https://registry.yarnpkg.com/sass-migrator/-/sass-migrator-1.2.2.tgz#1b196535a3b7523bcc417e06391730882269318a"
  integrity sha512-rs568KG+kFPQ4lNdOXW+j86HtuZPYfiLi7Ios41XDt0qUXSUOuEpezP5hMcaNwpagfgbNsct2plTKX3KL5GvGg==
